
Microsoft Visual Studio Solution File, Format Version 12.00
# Visual Studio Version 16
VisualStudioVersion = 16.0.30002.166
MinimumVisualStudioVersion = 10.0.40219.1
Project("{F184B08F-C81C-45F6-A57F-5ABD9991F28F}") = "excel500", "excel500\excel500.vbproj", "{F351E8D6-1FAD-4B47-9A1E-8A8F512D0EB0}"
EndProject
Global
	GlobalSection(SolutionConfigurationPlatforms) = preSolution
		Debug|Any CPU = Debug|Any CPU
		Release|Any CPU = Release|Any CPU
	EndGlobalSection
	GlobalSection(ProjectConfigurationPlatforms) = postSolution
		{F351E8D6-1FAD-4B47-9A1E-8A8F512D0EB0}.Debug|Any CPU.ActiveCfg = Debug|Any CPU
		{F351E8D6-1FAD-4B47-9A1E-8A8F512D0EB0}.Debug|Any CPU.Build.0 = Debug|Any CPU
		{F351E8D6-1FAD-4B47-9A1E-8A8F512D0EB0}.Release|Any CPU.ActiveCfg = Release|Any CPU
		{F351E8D6-1FAD-4B47-9A1E-8A8F512D0EB0}.Release|Any CPU.Build.0 = Release|Any CPU
	EndGlobalSection
	GlobalSection(SolutionProperties) = preSolution
		HideSolutionNode = FALSE
	EndGlobalSection
	GlobalSection(ExtensibilityGlobals) = postSolution
		SolutionGuid = {2E3A5CAE-BEE1-4F37-9C63-47DF69AD7EB3}
	EndGlobalSection
EndGlobal
