
Microsoft Visual Studio Solution File, Format Version 12.00
# Visual Studio Version 16
VisualStudioVersion = 16.0.30002.166
MinimumVisualStudioVersion = 10.0.40219.1
Project("{F184B08F-C81C-45F6-A57F-5ABD9991F28F}") = "wpf409", "wpf409\wpf409.vbproj", "{F0E0BD09-29B8-4EE1-8B7A-9C4C8DA7B385}"
EndProject
Global
	GlobalSection(SolutionConfigurationPlatforms) = preSolution
		Debug|Any CPU = Debug|Any CPU
		Release|Any CPU = Release|Any CPU
	EndGlobalSection
	GlobalSection(ProjectConfigurationPlatforms) = postSolution
		{F0E0BD09-29B8-4EE1-8B7A-9C4C8DA7B385}.Debug|Any CPU.ActiveCfg = Debug|Any CPU
		{F0E0BD09-29B8-4EE1-8B7A-9C4C8DA7B385}.Debug|Any CPU.Build.0 = Debug|Any CPU
		{F0E0BD09-29B8-4EE1-8B7A-9C4C8DA7B385}.Release|Any CPU.ActiveCfg = Release|Any CPU
		{F0E0BD09-29B8-4EE1-8B7A-9C4C8DA7B385}.Release|Any CPU.Build.0 = Release|Any CPU
	EndGlobalSection
	GlobalSection(SolutionProperties) = preSolution
		HideSolutionNode = FALSE
	EndGlobalSection
	GlobalSection(ExtensibilityGlobals) = postSolution
		SolutionGuid = {DA224047-DF15-4D7A-B1BC-9FFAA14819C7}
	EndGlobalSection
EndGlobal
