
Microsoft Visual Studio Solution File, Format Version 12.00
# Visual Studio Version 16
VisualStudioVersion = 16.0.30002.166
MinimumVisualStudioVersion = 10.0.40219.1
Project("{F184B08F-C81C-45F6-A57F-5ABD9991F28F}") = "error316", "error316\error316.vbproj", "{B0FF160B-F713-4FCE-A60D-4CEAF392B196}"
EndProject
Global
	GlobalSection(SolutionConfigurationPlatforms) = preSolution
		Debug|Any CPU = Debug|Any CPU
		Release|Any CPU = Release|Any CPU
	EndGlobalSection
	GlobalSection(ProjectConfigurationPlatforms) = postSolution
		{B0FF160B-F713-4FCE-A60D-4CEAF392B196}.Debug|Any CPU.ActiveCfg = Debug|Any CPU
		{B0FF160B-F713-4FCE-A60D-4CEAF392B196}.Debug|Any CPU.Build.0 = Debug|Any CPU
		{B0FF160B-F713-4FCE-A60D-4CEAF392B196}.Release|Any CPU.ActiveCfg = Release|Any CPU
		{B0FF160B-F713-4FCE-A60D-4CEAF392B196}.Release|Any CPU.Build.0 = Release|Any CPU
	EndGlobalSection
	GlobalSection(SolutionProperties) = preSolution
		HideSolutionNode = FALSE
	EndGlobalSection
	GlobalSection(ExtensibilityGlobals) = postSolution
		SolutionGuid = {277D5020-98E1-4239-B055-B576D55F6208}
	EndGlobalSection
EndGlobal
