
Microsoft Visual Studio Solution File, Format Version 12.00
# Visual Studio Version 16
VisualStudioVersion = 16.0.29102.190
MinimumVisualStudioVersion = 10.0.40219.1
Project("{F184B08F-C81C-45F6-A57F-5ABD9991F28F}") = "kiso011", "kiso011\kiso011.vbproj", "{45F87624-E779-403F-93DD-3DF24FDB3BA6}"
EndProject
Global
	GlobalSection(SolutionConfigurationPlatforms) = preSolution
		Debug|Any CPU = Debug|Any CPU
		Release|Any CPU = Release|Any CPU
	EndGlobalSection
	GlobalSection(ProjectConfigurationPlatforms) = postSolution
		{45F87624-E779-403F-93DD-3DF24FDB3BA6}.Debug|Any CPU.ActiveCfg = Debug|Any CPU
		{45F87624-E779-403F-93DD-3DF24FDB3BA6}.Debug|Any CPU.Build.0 = Debug|Any CPU
		{45F87624-E779-403F-93DD-3DF24FDB3BA6}.Release|Any CPU.ActiveCfg = Release|Any CPU
		{45F87624-E779-403F-93DD-3DF24FDB3BA6}.Release|Any CPU.Build.0 = Release|Any CPU
	EndGlobalSection
	GlobalSection(SolutionProperties) = preSolution
		HideSolutionNode = FALSE
	EndGlobalSection
	GlobalSection(ExtensibilityGlobals) = postSolution
		SolutionGuid = {08723A12-9AFB-40ED-BAE3-CC33022D9F67}
	EndGlobalSection
EndGlobal
