
Microsoft Visual Studio Solution File, Format Version 12.00
# Visual Studio Version 16
VisualStudioVersion = 16.0.30002.166
MinimumVisualStudioVersion = 10.0.40219.1
Project("{F184B08F-C81C-45F6-A57F-5ABD9991F28F}") = "pg173", "pg173\pg173.vbproj", "{E3F499E1-2E07-4B31-A004-7ED8CB4B2839}"
EndProject
Global
	GlobalSection(SolutionConfigurationPlatforms) = preSolution
		Debug|Any CPU = Debug|Any CPU
		Release|Any CPU = Release|Any CPU
	EndGlobalSection
	GlobalSection(ProjectConfigurationPlatforms) = postSolution
		{E3F499E1-2E07-4B31-A004-7ED8CB4B2839}.Debug|Any CPU.ActiveCfg = Debug|Any CPU
		{E3F499E1-2E07-4B31-A004-7ED8CB4B2839}.Debug|Any CPU.Build.0 = Debug|Any CPU
		{E3F499E1-2E07-4B31-A004-7ED8CB4B2839}.Release|Any CPU.ActiveCfg = Release|Any CPU
		{E3F499E1-2E07-4B31-A004-7ED8CB4B2839}.Release|Any CPU.Build.0 = Release|Any CPU
	EndGlobalSection
	GlobalSection(SolutionProperties) = preSolution
		HideSolutionNode = FALSE
	EndGlobalSection
	GlobalSection(ExtensibilityGlobals) = postSolution
		SolutionGuid = {D2C47523-D4A3-4230-8DF0-EDE60782102D}
	EndGlobalSection
EndGlobal
