
Microsoft Visual Studio Solution File, Format Version 12.00
# Visual Studio Version 16
VisualStudioVersion = 16.0.29102.190
MinimumVisualStudioVersion = 10.0.40219.1
Project("{F184B08F-C81C-45F6-A57F-5ABD9991F28F}") = "ui113", "ui113\ui113.vbproj", "{ED397893-65B8-48A3-83C6-F8BB6E2AFB70}"
EndProject
Global
	GlobalSection(SolutionConfigurationPlatforms) = preSolution
		Debug|Any CPU = Debug|Any CPU
		Release|Any CPU = Release|Any CPU
	EndGlobalSection
	GlobalSection(ProjectConfigurationPlatforms) = postSolution
		{ED397893-65B8-48A3-83C6-F8BB6E2AFB70}.Debug|Any CPU.ActiveCfg = Debug|Any CPU
		{ED397893-65B8-48A3-83C6-F8BB6E2AFB70}.Debug|Any CPU.Build.0 = Debug|Any CPU
		{ED397893-65B8-48A3-83C6-F8BB6E2AFB70}.Release|Any CPU.ActiveCfg = Release|Any CPU
		{ED397893-65B8-48A3-83C6-F8BB6E2AFB70}.Release|Any CPU.Build.0 = Release|Any CPU
	EndGlobalSection
	GlobalSection(SolutionProperties) = preSolution
		HideSolutionNode = FALSE
	EndGlobalSection
	GlobalSection(ExtensibilityGlobals) = postSolution
		SolutionGuid = {DAB4EBB7-36AD-4907-B938-BDA6DF8F6A5D}
	EndGlobalSection
EndGlobal
