
Microsoft Visual Studio Solution File, Format Version 12.00
# Visual Studio Version 16
VisualStudioVersion = 16.0.29326.143
MinimumVisualStudioVersion = 10.0.40219.1
Project("{F184B08F-C81C-45F6-A57F-5ABD9991F28F}") = "pg151", "pg151\pg151.vbproj", "{95817E01-6B92-4C35-B4BE-AE68AACB463D}"
EndProject
Global
	GlobalSection(SolutionConfigurationPlatforms) = preSolution
		Debug|Any CPU = Debug|Any CPU
		Release|Any CPU = Release|Any CPU
	EndGlobalSection
	GlobalSection(ProjectConfigurationPlatforms) = postSolution
		{95817E01-6B92-4C35-B4BE-AE68AACB463D}.Debug|Any CPU.ActiveCfg = Debug|Any CPU
		{95817E01-6B92-4C35-B4BE-AE68AACB463D}.Debug|Any CPU.Build.0 = Debug|Any CPU
		{95817E01-6B92-4C35-B4BE-AE68AACB463D}.Release|Any CPU.ActiveCfg = Release|Any CPU
		{95817E01-6B92-4C35-B4BE-AE68AACB463D}.Release|Any CPU.Build.0 = Release|Any CPU
	EndGlobalSection
	GlobalSection(SolutionProperties) = preSolution
		HideSolutionNode = FALSE
	EndGlobalSection
	GlobalSection(ExtensibilityGlobals) = postSolution
		SolutionGuid = {B02DEB0B-71C1-40FF-B6E0-05B3BBF12896}
	EndGlobalSection
EndGlobal
