
Microsoft Visual Studio Solution File, Format Version 12.00
# Visual Studio Version 16
VisualStudioVersion = 16.0.30002.166
MinimumVisualStudioVersion = 10.0.40219.1
Project("{F184B08F-C81C-45F6-A57F-5ABD9991F28F}") = "db314", "db314\db314.vbproj", "{3F6BD93C-9B0C-4B89-8BD7-67186835BD46}"
EndProject
Global
	GlobalSection(SolutionConfigurationPlatforms) = preSolution
		Debug|Any CPU = Debug|Any CPU
		Release|Any CPU = Release|Any CPU
	EndGlobalSection
	GlobalSection(ProjectConfigurationPlatforms) = postSolution
		{3F6BD93C-9B0C-4B89-8BD7-67186835BD46}.Debug|Any CPU.ActiveCfg = Debug|Any CPU
		{3F6BD93C-9B0C-4B89-8BD7-67186835BD46}.Debug|Any CPU.Build.0 = Debug|Any CPU
		{3F6BD93C-9B0C-4B89-8BD7-67186835BD46}.Release|Any CPU.ActiveCfg = Release|Any CPU
		{3F6BD93C-9B0C-4B89-8BD7-67186835BD46}.Release|Any CPU.Build.0 = Release|Any CPU
	EndGlobalSection
	GlobalSection(SolutionProperties) = preSolution
		HideSolutionNode = FALSE
	EndGlobalSection
	GlobalSection(ExtensibilityGlobals) = postSolution
		SolutionGuid = {EA28B761-593F-43EA-94C5-18D74587A987}
	EndGlobalSection
EndGlobal
