
Microsoft Visual Studio Solution File, Format Version 12.00
# Visual Studio Version 16
VisualStudioVersion = 16.0.30002.166
MinimumVisualStudioVersion = 10.0.40219.1
Project("{F184B08F-C81C-45F6-A57F-5ABD9991F28F}") = "debug361", "debug361\debug361.vbproj", "{5E17A7D1-C6B4-434B-9F6F-6AFFD6A788AD}"
EndProject
Project("{F184B08F-C81C-45F6-A57F-5ABD9991F28F}") = "debug.test", "debug.test\debug.test.vbproj", "{7E1C0B5A-62B0-48BD-AB1F-8DA78387CA51}"
EndProject
Global
	GlobalSection(SolutionConfigurationPlatforms) = preSolution
		Debug|Any CPU = Debug|Any CPU
		Release|Any CPU = Release|Any CPU
	EndGlobalSection
	GlobalSection(ProjectConfigurationPlatforms) = postSolution
		{5E17A7D1-C6B4-434B-9F6F-6AFFD6A788AD}.Debug|Any CPU.ActiveCfg = Debug|Any CPU
		{5E17A7D1-C6B4-434B-9F6F-6AFFD6A788AD}.Debug|Any CPU.Build.0 = Debug|Any CPU
		{5E17A7D1-C6B4-434B-9F6F-6AFFD6A788AD}.Release|Any CPU.ActiveCfg = Release|Any CPU
		{5E17A7D1-C6B4-434B-9F6F-6AFFD6A788AD}.Release|Any CPU.Build.0 = Release|Any CPU
		{7E1C0B5A-62B0-48BD-AB1F-8DA78387CA51}.Debug|Any CPU.ActiveCfg = Debug|Any CPU
		{7E1C0B5A-62B0-48BD-AB1F-8DA78387CA51}.Debug|Any CPU.Build.0 = Debug|Any CPU
		{7E1C0B5A-62B0-48BD-AB1F-8DA78387CA51}.Release|Any CPU.ActiveCfg = Release|Any CPU
		{7E1C0B5A-62B0-48BD-AB1F-8DA78387CA51}.Release|Any CPU.Build.0 = Release|Any CPU
	EndGlobalSection
	GlobalSection(SolutionProperties) = preSolution
		HideSolutionNode = FALSE
	EndGlobalSection
	GlobalSection(ExtensibilityGlobals) = postSolution
		SolutionGuid = {752CCEC7-BD92-4BC2-A6C6-8412C3F366C5}
	EndGlobalSection
EndGlobal
