
Microsoft Visual Studio Solution File, Format Version 12.00
# Visual Studio Version 16
VisualStudioVersion = 16.0.29102.190
MinimumVisualStudioVersion = 10.0.40219.1
Project("{F184B08F-C81C-45F6-A57F-5ABD9991F28F}") = "ui081", "ui081\ui081.vbproj", "{47F6DEA8-5E29-47B8-9F94-EDD42966E70D}"
EndProject
Global
	GlobalSection(SolutionConfigurationPlatforms) = preSolution
		Debug|Any CPU = Debug|Any CPU
		Release|Any CPU = Release|Any CPU
	EndGlobalSection
	GlobalSection(ProjectConfigurationPlatforms) = postSolution
		{47F6DEA8-5E29-47B8-9F94-EDD42966E70D}.Debug|Any CPU.ActiveCfg = Debug|Any CPU
		{47F6DEA8-5E29-47B8-9F94-EDD42966E70D}.Debug|Any CPU.Build.0 = Debug|Any CPU
		{47F6DEA8-5E29-47B8-9F94-EDD42966E70D}.Release|Any CPU.ActiveCfg = Release|Any CPU
		{47F6DEA8-5E29-47B8-9F94-EDD42966E70D}.Release|Any CPU.Build.0 = Release|Any CPU
	EndGlobalSection
	GlobalSection(SolutionProperties) = preSolution
		HideSolutionNode = FALSE
	EndGlobalSection
	GlobalSection(ExtensibilityGlobals) = postSolution
		SolutionGuid = {21FB8B0E-5F25-40D2-BAEB-014909952D01}
	EndGlobalSection
EndGlobal
