
Microsoft Visual Studio Solution File, Format Version 12.00
# Visual Studio Version 16
VisualStudioVersion = 16.0.30002.166
MinimumVisualStudioVersion = 10.0.40219.1
Project("{F184B08F-C81C-45F6-A57F-5ABD9991F28F}") = "ref225", "ref225\ref225.vbproj", "{69238AA2-CAF0-47AC-A9D1-1D0762C393D4}"
EndProject
Global
	GlobalSection(SolutionConfigurationPlatforms) = preSolution
		Debug|Any CPU = Debug|Any CPU
		Release|Any CPU = Release|Any CPU
	EndGlobalSection
	GlobalSection(ProjectConfigurationPlatforms) = postSolution
		{69238AA2-CAF0-47AC-A9D1-1D0762C393D4}.Debug|Any CPU.ActiveCfg = Debug|Any CPU
		{69238AA2-CAF0-47AC-A9D1-1D0762C393D4}.Debug|Any CPU.Build.0 = Debug|Any CPU
		{69238AA2-CAF0-47AC-A9D1-1D0762C393D4}.Release|Any CPU.ActiveCfg = Release|Any CPU
		{69238AA2-CAF0-47AC-A9D1-1D0762C393D4}.Release|Any CPU.Build.0 = Release|Any CPU
	EndGlobalSection
	GlobalSection(SolutionProperties) = preSolution
		HideSolutionNode = FALSE
	EndGlobalSection
	GlobalSection(ExtensibilityGlobals) = postSolution
		SolutionGuid = {F09204B4-9285-4FCC-BDF8-E4A5646AFF2B}
	EndGlobalSection
EndGlobal
