
Microsoft Visual Studio Solution File, Format Version 12.00
# Visual Studio Version 16
VisualStudioVersion = 16.0.30002.166
MinimumVisualStudioVersion = 10.0.40219.1
Project("{F184B08F-C81C-45F6-A57F-5ABD9991F28F}") = "debug358", "debug358\debug358.vbproj", "{CD917E45-5B50-4B60-A89F-8E6682F4281C}"
EndProject
Project("{F184B08F-C81C-45F6-A57F-5ABD9991F28F}") = "debug.test", "debug.test\debug.test.vbproj", "{B4D09912-01BE-42E9-A3EE-C6E76C6AE9FD}"
EndProject
Global
	GlobalSection(SolutionConfigurationPlatforms) = preSolution
		Debug|Any CPU = Debug|Any CPU
		Release|Any CPU = Release|Any CPU
	EndGlobalSection
	GlobalSection(ProjectConfigurationPlatforms) = postSolution
		{CD917E45-5B50-4B60-A89F-8E6682F4281C}.Debug|Any CPU.ActiveCfg = Debug|Any CPU
		{CD917E45-5B50-4B60-A89F-8E6682F4281C}.Debug|Any CPU.Build.0 = Debug|Any CPU
		{CD917E45-5B50-4B60-A89F-8E6682F4281C}.Release|Any CPU.ActiveCfg = Release|Any CPU
		{CD917E45-5B50-4B60-A89F-8E6682F4281C}.Release|Any CPU.Build.0 = Release|Any CPU
		{B4D09912-01BE-42E9-A3EE-C6E76C6AE9FD}.Debug|Any CPU.ActiveCfg = Debug|Any CPU
		{B4D09912-01BE-42E9-A3EE-C6E76C6AE9FD}.Debug|Any CPU.Build.0 = Debug|Any CPU
		{B4D09912-01BE-42E9-A3EE-C6E76C6AE9FD}.Release|Any CPU.ActiveCfg = Release|Any CPU
		{B4D09912-01BE-42E9-A3EE-C6E76C6AE9FD}.Release|Any CPU.Build.0 = Release|Any CPU
	EndGlobalSection
	GlobalSection(SolutionProperties) = preSolution
		HideSolutionNode = FALSE
	EndGlobalSection
	GlobalSection(ExtensibilityGlobals) = postSolution
		SolutionGuid = {96CDC0A9-5C04-4226-AFCA-4293D70188C1}
	EndGlobalSection
EndGlobal
