
Microsoft Visual Studio Solution File, Format Version 12.00
# Visual Studio Version 16
VisualStudioVersion = 16.0.30002.166
MinimumVisualStudioVersion = 10.0.40219.1
Project("{F184B08F-C81C-45F6-A57F-5ABD9991F28F}") = "debug356", "debug356\debug356.vbproj", "{83701875-06C2-4204-9BCA-9B419E9BABD6}"
EndProject
Project("{F184B08F-C81C-45F6-A57F-5ABD9991F28F}") = "debug.test", "debug.test\debug.test.vbproj", "{F93836EF-6162-4FB9-A7AF-A4E095443286}"
EndProject
Global
	GlobalSection(SolutionConfigurationPlatforms) = preSolution
		Debug|Any CPU = Debug|Any CPU
		Release|Any CPU = Release|Any CPU
	EndGlobalSection
	GlobalSection(ProjectConfigurationPlatforms) = postSolution
		{83701875-06C2-4204-9BCA-9B419E9BABD6}.Debug|Any CPU.ActiveCfg = Debug|Any CPU
		{83701875-06C2-4204-9BCA-9B419E9BABD6}.Debug|Any CPU.Build.0 = Debug|Any CPU
		{83701875-06C2-4204-9BCA-9B419E9BABD6}.Release|Any CPU.ActiveCfg = Release|Any CPU
		{83701875-06C2-4204-9BCA-9B419E9BABD6}.Release|Any CPU.Build.0 = Release|Any CPU
		{F93836EF-6162-4FB9-A7AF-A4E095443286}.Debug|Any CPU.ActiveCfg = Debug|Any CPU
		{F93836EF-6162-4FB9-A7AF-A4E095443286}.Debug|Any CPU.Build.0 = Debug|Any CPU
		{F93836EF-6162-4FB9-A7AF-A4E095443286}.Release|Any CPU.ActiveCfg = Release|Any CPU
		{F93836EF-6162-4FB9-A7AF-A4E095443286}.Release|Any CPU.Build.0 = Release|Any CPU
	EndGlobalSection
	GlobalSection(SolutionProperties) = preSolution
		HideSolutionNode = FALSE
	EndGlobalSection
	GlobalSection(ExtensibilityGlobals) = postSolution
		SolutionGuid = {A6368702-A084-44AF-B7E3-05DBF843F423}
	EndGlobalSection
EndGlobal
