
Microsoft Visual Studio Solution File, Format Version 12.00
# Visual Studio Version 16
VisualStudioVersion = 16.0.30002.166
MinimumVisualStudioVersion = 10.0.40219.1
Project("{F184B08F-C81C-45F6-A57F-5ABD9991F28F}") = "web446", "web446\web446.vbproj", "{C19C1EE1-16C8-4417-A54B-C7DB1D7D1112}"
EndProject
Global
	GlobalSection(SolutionConfigurationPlatforms) = preSolution
		Debug|Any CPU = Debug|Any CPU
		Release|Any CPU = Release|Any CPU
	EndGlobalSection
	GlobalSection(ProjectConfigurationPlatforms) = postSolution
		{C19C1EE1-16C8-4417-A54B-C7DB1D7D1112}.Debug|Any CPU.ActiveCfg = Debug|Any CPU
		{C19C1EE1-16C8-4417-A54B-C7DB1D7D1112}.Debug|Any CPU.Build.0 = Debug|Any CPU
		{C19C1EE1-16C8-4417-A54B-C7DB1D7D1112}.Release|Any CPU.ActiveCfg = Release|Any CPU
		{C19C1EE1-16C8-4417-A54B-C7DB1D7D1112}.Release|Any CPU.Build.0 = Release|Any CPU
	EndGlobalSection
	GlobalSection(SolutionProperties) = preSolution
		HideSolutionNode = FALSE
	EndGlobalSection
	GlobalSection(ExtensibilityGlobals) = postSolution
		SolutionGuid = {CAA4529F-814A-42F3-AD40-8D82FFEB4884}
	EndGlobalSection
EndGlobal
