
Microsoft Visual Studio Solution File, Format Version 12.00
# Visual Studio Version 16
VisualStudioVersion = 16.0.30002.166
MinimumVisualStudioVersion = 10.0.40219.1
Project("{F184B08F-C81C-45F6-A57F-5ABD9991F28F}") = "debug339", "debug339\debug339.vbproj", "{31B44AD1-A994-4B71-AE42-385D964C8013}"
EndProject
Global
	GlobalSection(SolutionConfigurationPlatforms) = preSolution
		Debug|Any CPU = Debug|Any CPU
		Release|Any CPU = Release|Any CPU
	EndGlobalSection
	GlobalSection(ProjectConfigurationPlatforms) = postSolution
		{31B44AD1-A994-4B71-AE42-385D964C8013}.Debug|Any CPU.ActiveCfg = Debug|Any CPU
		{31B44AD1-A994-4B71-AE42-385D964C8013}.Debug|Any CPU.Build.0 = Debug|Any CPU
		{31B44AD1-A994-4B71-AE42-385D964C8013}.Release|Any CPU.ActiveCfg = Release|Any CPU
		{31B44AD1-A994-4B71-AE42-385D964C8013}.Release|Any CPU.Build.0 = Release|Any CPU
	EndGlobalSection
	GlobalSection(SolutionProperties) = preSolution
		HideSolutionNode = FALSE
	EndGlobalSection
	GlobalSection(ExtensibilityGlobals) = postSolution
		SolutionGuid = {51CFEDE3-E58F-428C-9CD9-BE4CD6A0B117}
	EndGlobalSection
EndGlobal
