
Microsoft Visual Studio Solution File, Format Version 12.00
# Visual Studio Version 16
VisualStudioVersion = 16.0.29102.190
MinimumVisualStudioVersion = 10.0.40219.1
Project("{F184B08F-C81C-45F6-A57F-5ABD9991F28F}") = "ui044", "ui044\ui044.vbproj", "{1BC3BF62-0235-463A-8FA6-2449B451543A}"
EndProject
Global
	GlobalSection(SolutionConfigurationPlatforms) = preSolution
		Debug|Any CPU = Debug|Any CPU
		Release|Any CPU = Release|Any CPU
	EndGlobalSection
	GlobalSection(ProjectConfigurationPlatforms) = postSolution
		{1BC3BF62-0235-463A-8FA6-2449B451543A}.Debug|Any CPU.ActiveCfg = Debug|Any CPU
		{1BC3BF62-0235-463A-8FA6-2449B451543A}.Debug|Any CPU.Build.0 = Debug|Any CPU
		{1BC3BF62-0235-463A-8FA6-2449B451543A}.Release|Any CPU.ActiveCfg = Release|Any CPU
		{1BC3BF62-0235-463A-8FA6-2449B451543A}.Release|Any CPU.Build.0 = Release|Any CPU
	EndGlobalSection
	GlobalSection(SolutionProperties) = preSolution
		HideSolutionNode = FALSE
	EndGlobalSection
	GlobalSection(ExtensibilityGlobals) = postSolution
		SolutionGuid = {140229EF-7E1C-4995-B556-425A0AFCB477}
	EndGlobalSection
EndGlobal
