
Microsoft Visual Studio Solution File, Format Version 12.00
# Visual Studio Version 16
VisualStudioVersion = 16.0.30002.166
MinimumVisualStudioVersion = 10.0.40219.1
Project("{F184B08F-C81C-45F6-A57F-5ABD9991F28F}") = "db293", "db293\db293.vbproj", "{8955918A-08D1-4C35-8DA6-1299DE685D5F}"
EndProject
Global
	GlobalSection(SolutionConfigurationPlatforms) = preSolution
		Debug|Any CPU = Debug|Any CPU
		Release|Any CPU = Release|Any CPU
	EndGlobalSection
	GlobalSection(ProjectConfigurationPlatforms) = postSolution
		{8955918A-08D1-4C35-8DA6-1299DE685D5F}.Debug|Any CPU.ActiveCfg = Debug|Any CPU
		{8955918A-08D1-4C35-8DA6-1299DE685D5F}.Debug|Any CPU.Build.0 = Debug|Any CPU
		{8955918A-08D1-4C35-8DA6-1299DE685D5F}.Release|Any CPU.ActiveCfg = Release|Any CPU
		{8955918A-08D1-4C35-8DA6-1299DE685D5F}.Release|Any CPU.Build.0 = Release|Any CPU
	EndGlobalSection
	GlobalSection(SolutionProperties) = preSolution
		HideSolutionNode = FALSE
	EndGlobalSection
	GlobalSection(ExtensibilityGlobals) = postSolution
		SolutionGuid = {E3D84135-1BFB-46AB-8647-E09986D9D707}
	EndGlobalSection
EndGlobal
