
Microsoft Visual Studio Solution File, Format Version 12.00
# Visual Studio Version 16
VisualStudioVersion = 16.0.29102.190
MinimumVisualStudioVersion = 10.0.40219.1
Project("{F184B08F-C81C-45F6-A57F-5ABD9991F28F}") = "ui040", "ui040\ui040.vbproj", "{A74BA649-17DA-4A82-86C6-350B9AA1F801}"
EndProject
Global
	GlobalSection(SolutionConfigurationPlatforms) = preSolution
		Debug|Any CPU = Debug|Any CPU
		Release|Any CPU = Release|Any CPU
	EndGlobalSection
	GlobalSection(ProjectConfigurationPlatforms) = postSolution
		{A74BA649-17DA-4A82-86C6-350B9AA1F801}.Debug|Any CPU.ActiveCfg = Debug|Any CPU
		{A74BA649-17DA-4A82-86C6-350B9AA1F801}.Debug|Any CPU.Build.0 = Debug|Any CPU
		{A74BA649-17DA-4A82-86C6-350B9AA1F801}.Release|Any CPU.ActiveCfg = Release|Any CPU
		{A74BA649-17DA-4A82-86C6-350B9AA1F801}.Release|Any CPU.Build.0 = Release|Any CPU
	EndGlobalSection
	GlobalSection(SolutionProperties) = preSolution
		HideSolutionNode = FALSE
	EndGlobalSection
	GlobalSection(ExtensibilityGlobals) = postSolution
		SolutionGuid = {6BB1EB75-F902-480C-8654-11F41E2750E8}
	EndGlobalSection
EndGlobal
