
Microsoft Visual Studio Solution File, Format Version 12.00
# Visual Studio Version 16
VisualStudioVersion = 16.0.30002.166
MinimumVisualStudioVersion = 10.0.40219.1
Project("{F184B08F-C81C-45F6-A57F-5ABD9991F28F}") = "async210", "async210\async210.vbproj", "{7DF655F3-B0B0-4109-8618-38F0C6019F51}"
EndProject
Global
	GlobalSection(SolutionConfigurationPlatforms) = preSolution
		Debug|Any CPU = Debug|Any CPU
		Release|Any CPU = Release|Any CPU
	EndGlobalSection
	GlobalSection(ProjectConfigurationPlatforms) = postSolution
		{7DF655F3-B0B0-4109-8618-38F0C6019F51}.Debug|Any CPU.ActiveCfg = Debug|Any CPU
		{7DF655F3-B0B0-4109-8618-38F0C6019F51}.Debug|Any CPU.Build.0 = Debug|Any CPU
		{7DF655F3-B0B0-4109-8618-38F0C6019F51}.Release|Any CPU.ActiveCfg = Release|Any CPU
		{7DF655F3-B0B0-4109-8618-38F0C6019F51}.Release|Any CPU.Build.0 = Release|Any CPU
	EndGlobalSection
	GlobalSection(SolutionProperties) = preSolution
		HideSolutionNode = FALSE
	EndGlobalSection
	GlobalSection(ExtensibilityGlobals) = postSolution
		SolutionGuid = {26141C40-BAFE-4919-B615-E7608901E030}
	EndGlobalSection
EndGlobal
