
Microsoft Visual Studio Solution File, Format Version 12.00
# Visual Studio Version 16
VisualStudioVersion = 16.0.30002.166
MinimumVisualStudioVersion = 10.0.40219.1
Project("{F184B08F-C81C-45F6-A57F-5ABD9991F28F}") = "file271", "file271\file271.vbproj", "{CF2873DE-E27B-4E20-8F68-B67C8AABBCDE}"
EndProject
Global
	GlobalSection(SolutionConfigurationPlatforms) = preSolution
		Debug|Any CPU = Debug|Any CPU
		Release|Any CPU = Release|Any CPU
	EndGlobalSection
	GlobalSection(ProjectConfigurationPlatforms) = postSolution
		{CF2873DE-E27B-4E20-8F68-B67C8AABBCDE}.Debug|Any CPU.ActiveCfg = Debug|Any CPU
		{CF2873DE-E27B-4E20-8F68-B67C8AABBCDE}.Debug|Any CPU.Build.0 = Debug|Any CPU
		{CF2873DE-E27B-4E20-8F68-B67C8AABBCDE}.Release|Any CPU.ActiveCfg = Release|Any CPU
		{CF2873DE-E27B-4E20-8F68-B67C8AABBCDE}.Release|Any CPU.Build.0 = Release|Any CPU
	EndGlobalSection
	GlobalSection(SolutionProperties) = preSolution
		HideSolutionNode = FALSE
	EndGlobalSection
	GlobalSection(ExtensibilityGlobals) = postSolution
		SolutionGuid = {BFF2147A-2C41-4D4F-BC27-CD97E3E24780}
	EndGlobalSection
EndGlobal
