
Microsoft Visual Studio Solution File, Format Version 12.00
# Visual Studio Version 16
VisualStudioVersion = 16.0.30002.166
MinimumVisualStudioVersion = 10.0.40219.1
Project("{F184B08F-C81C-45F6-A57F-5ABD9991F28F}") = "wpf390", "wpf390\wpf390.vbproj", "{002AFA22-E7AD-4966-B555-9FA6BC2DDC26}"
EndProject
Global
	GlobalSection(SolutionConfigurationPlatforms) = preSolution
		Debug|Any CPU = Debug|Any CPU
		Release|Any CPU = Release|Any CPU
	EndGlobalSection
	GlobalSection(ProjectConfigurationPlatforms) = postSolution
		{002AFA22-E7AD-4966-B555-9FA6BC2DDC26}.Debug|Any CPU.ActiveCfg = Debug|Any CPU
		{002AFA22-E7AD-4966-B555-9FA6BC2DDC26}.Debug|Any CPU.Build.0 = Debug|Any CPU
		{002AFA22-E7AD-4966-B555-9FA6BC2DDC26}.Release|Any CPU.ActiveCfg = Release|Any CPU
		{002AFA22-E7AD-4966-B555-9FA6BC2DDC26}.Release|Any CPU.Build.0 = Release|Any CPU
	EndGlobalSection
	GlobalSection(SolutionProperties) = preSolution
		HideSolutionNode = FALSE
	EndGlobalSection
	GlobalSection(ExtensibilityGlobals) = postSolution
		SolutionGuid = {775A5D20-8373-4D35-9B58-0FE7E133742B}
	EndGlobalSection
EndGlobal
