
Microsoft Visual Studio Solution File, Format Version 12.00
# Visual Studio Version 16
VisualStudioVersion = 16.0.30002.166
MinimumVisualStudioVersion = 10.0.40219.1
Project("{F184B08F-C81C-45F6-A57F-5ABD9991F28F}") = "excel495", "excel495\excel495.vbproj", "{75BC4660-30BE-4023-9689-2ED5EF29B4F6}"
EndProject
Global
	GlobalSection(SolutionConfigurationPlatforms) = preSolution
		Debug|Any CPU = Debug|Any CPU
		Release|Any CPU = Release|Any CPU
	EndGlobalSection
	GlobalSection(ProjectConfigurationPlatforms) = postSolution
		{75BC4660-30BE-4023-9689-2ED5EF29B4F6}.Debug|Any CPU.ActiveCfg = Debug|Any CPU
		{75BC4660-30BE-4023-9689-2ED5EF29B4F6}.Debug|Any CPU.Build.0 = Debug|Any CPU
		{75BC4660-30BE-4023-9689-2ED5EF29B4F6}.Release|Any CPU.ActiveCfg = Release|Any CPU
		{75BC4660-30BE-4023-9689-2ED5EF29B4F6}.Release|Any CPU.Build.0 = Release|Any CPU
	EndGlobalSection
	GlobalSection(SolutionProperties) = preSolution
		HideSolutionNode = FALSE
	EndGlobalSection
	GlobalSection(ExtensibilityGlobals) = postSolution
		SolutionGuid = {E4343CF2-11D3-404F-806E-129E4096650A}
	EndGlobalSection
EndGlobal
