
Microsoft Visual Studio Solution File, Format Version 12.00
# Visual Studio Version 16
VisualStudioVersion = 16.0.30002.166
MinimumVisualStudioVersion = 10.0.40219.1
Project("{F184B08F-C81C-45F6-A57F-5ABD9991F28F}") = "web445", "web445\web445.vbproj", "{6752EBF3-E202-4B57-9531-AF21317ABB3A}"
EndProject
Global
	GlobalSection(SolutionConfigurationPlatforms) = preSolution
		Debug|Any CPU = Debug|Any CPU
		Release|Any CPU = Release|Any CPU
	EndGlobalSection
	GlobalSection(ProjectConfigurationPlatforms) = postSolution
		{6752EBF3-E202-4B57-9531-AF21317ABB3A}.Debug|Any CPU.ActiveCfg = Debug|Any CPU
		{6752EBF3-E202-4B57-9531-AF21317ABB3A}.Debug|Any CPU.Build.0 = Debug|Any CPU
		{6752EBF3-E202-4B57-9531-AF21317ABB3A}.Release|Any CPU.ActiveCfg = Release|Any CPU
		{6752EBF3-E202-4B57-9531-AF21317ABB3A}.Release|Any CPU.Build.0 = Release|Any CPU
	EndGlobalSection
	GlobalSection(SolutionProperties) = preSolution
		HideSolutionNode = FALSE
	EndGlobalSection
	GlobalSection(ExtensibilityGlobals) = postSolution
		SolutionGuid = {ED19590B-CB45-4388-9A07-F00BCE7ECD7E}
	EndGlobalSection
EndGlobal
