
Microsoft Visual Studio Solution File, Format Version 12.00
# Visual Studio Version 16
VisualStudioVersion = 16.0.29326.143
MinimumVisualStudioVersion = 10.0.40219.1
Project("{F184B08F-C81C-45F6-A57F-5ABD9991F28F}") = "pg161", "pg161\pg161.vbproj", "{4EAA7C63-7296-4342-A5B4-8083CE354473}"
EndProject
Global
	GlobalSection(SolutionConfigurationPlatforms) = preSolution
		Debug|Any CPU = Debug|Any CPU
		Release|Any CPU = Release|Any CPU
	EndGlobalSection
	GlobalSection(ProjectConfigurationPlatforms) = postSolution
		{4EAA7C63-7296-4342-A5B4-8083CE354473}.Debug|Any CPU.ActiveCfg = Debug|Any CPU
		{4EAA7C63-7296-4342-A5B4-8083CE354473}.Debug|Any CPU.Build.0 = Debug|Any CPU
		{4EAA7C63-7296-4342-A5B4-8083CE354473}.Release|Any CPU.ActiveCfg = Release|Any CPU
		{4EAA7C63-7296-4342-A5B4-8083CE354473}.Release|Any CPU.Build.0 = Release|Any CPU
	EndGlobalSection
	GlobalSection(SolutionProperties) = preSolution
		HideSolutionNode = FALSE
	EndGlobalSection
	GlobalSection(ExtensibilityGlobals) = postSolution
		SolutionGuid = {89E7A2D1-F3D9-4A59-BEDF-3FD4FA804608}
	EndGlobalSection
EndGlobal
