
Microsoft Visual Studio Solution File, Format Version 12.00
# Visual Studio Version 16
VisualStudioVersion = 16.0.30002.166
MinimumVisualStudioVersion = 10.0.40219.1
Project("{F184B08F-C81C-45F6-A57F-5ABD9991F28F}") = "db285", "db285\db285.vbproj", "{49090F20-2BA3-4936-9995-AB0400F2703A}"
EndProject
Global
	GlobalSection(SolutionConfigurationPlatforms) = preSolution
		Debug|Any CPU = Debug|Any CPU
		Release|Any CPU = Release|Any CPU
	EndGlobalSection
	GlobalSection(ProjectConfigurationPlatforms) = postSolution
		{49090F20-2BA3-4936-9995-AB0400F2703A}.Debug|Any CPU.ActiveCfg = Debug|Any CPU
		{49090F20-2BA3-4936-9995-AB0400F2703A}.Debug|Any CPU.Build.0 = Debug|Any CPU
		{49090F20-2BA3-4936-9995-AB0400F2703A}.Release|Any CPU.ActiveCfg = Release|Any CPU
		{49090F20-2BA3-4936-9995-AB0400F2703A}.Release|Any CPU.Build.0 = Release|Any CPU
	EndGlobalSection
	GlobalSection(SolutionProperties) = preSolution
		HideSolutionNode = FALSE
	EndGlobalSection
	GlobalSection(ExtensibilityGlobals) = postSolution
		SolutionGuid = {0DFE36E4-6725-4669-8E66-E023D03F3EAA}
	EndGlobalSection
EndGlobal
