
Microsoft Visual Studio Solution File, Format Version 12.00
# Visual Studio Version 16
VisualStudioVersion = 16.0.30002.166
MinimumVisualStudioVersion = 10.0.40219.1
Project("{F184B08F-C81C-45F6-A57F-5ABD9991F28F}") = "error320", "error320\error320.vbproj", "{5B809F7E-2185-41A8-86C7-CC26DE24E4EE}"
EndProject
Global
	GlobalSection(SolutionConfigurationPlatforms) = preSolution
		Debug|Any CPU = Debug|Any CPU
		Release|Any CPU = Release|Any CPU
	EndGlobalSection
	GlobalSection(ProjectConfigurationPlatforms) = postSolution
		{5B809F7E-2185-41A8-86C7-CC26DE24E4EE}.Debug|Any CPU.ActiveCfg = Debug|Any CPU
		{5B809F7E-2185-41A8-86C7-CC26DE24E4EE}.Debug|Any CPU.Build.0 = Debug|Any CPU
		{5B809F7E-2185-41A8-86C7-CC26DE24E4EE}.Release|Any CPU.ActiveCfg = Release|Any CPU
		{5B809F7E-2185-41A8-86C7-CC26DE24E4EE}.Release|Any CPU.Build.0 = Release|Any CPU
	EndGlobalSection
	GlobalSection(SolutionProperties) = preSolution
		HideSolutionNode = FALSE
	EndGlobalSection
	GlobalSection(ExtensibilityGlobals) = postSolution
		SolutionGuid = {E9D2158A-E18E-49A7-B260-C5E9638C9906}
	EndGlobalSection
EndGlobal
