
Microsoft Visual Studio Solution File, Format Version 12.00
# Visual Studio Version 16
VisualStudioVersion = 16.0.29102.190
MinimumVisualStudioVersion = 10.0.40219.1
Project("{F184B08F-C81C-45F6-A57F-5ABD9991F28F}") = "ui083", "ui083\ui083.vbproj", "{6C8FC8D8-A171-420D-A937-2D77DF39661F}"
EndProject
Global
	GlobalSection(SolutionConfigurationPlatforms) = preSolution
		Debug|Any CPU = Debug|Any CPU
		Release|Any CPU = Release|Any CPU
	EndGlobalSection
	GlobalSection(ProjectConfigurationPlatforms) = postSolution
		{6C8FC8D8-A171-420D-A937-2D77DF39661F}.Debug|Any CPU.ActiveCfg = Debug|Any CPU
		{6C8FC8D8-A171-420D-A937-2D77DF39661F}.Debug|Any CPU.Build.0 = Debug|Any CPU
		{6C8FC8D8-A171-420D-A937-2D77DF39661F}.Release|Any CPU.ActiveCfg = Release|Any CPU
		{6C8FC8D8-A171-420D-A937-2D77DF39661F}.Release|Any CPU.Build.0 = Release|Any CPU
	EndGlobalSection
	GlobalSection(SolutionProperties) = preSolution
		HideSolutionNode = FALSE
	EndGlobalSection
	GlobalSection(ExtensibilityGlobals) = postSolution
		SolutionGuid = {11D448F1-67BA-4908-832B-10E1AB08A4D8}
	EndGlobalSection
EndGlobal
