
Microsoft Visual Studio Solution File, Format Version 12.00
# Visual Studio Version 16
VisualStudioVersion = 16.0.29326.143
MinimumVisualStudioVersion = 10.0.40219.1
Project("{F184B08F-C81C-45F6-A57F-5ABD9991F28F}") = "pg127", "pg127\pg127.vbproj", "{DF51F6FD-8F36-42DF-904F-0B51CBBE73F1}"
EndProject
Global
	GlobalSection(SolutionConfigurationPlatforms) = preSolution
		Debug|Any CPU = Debug|Any CPU
		Release|Any CPU = Release|Any CPU
	EndGlobalSection
	GlobalSection(ProjectConfigurationPlatforms) = postSolution
		{DF51F6FD-8F36-42DF-904F-0B51CBBE73F1}.Debug|Any CPU.ActiveCfg = Debug|Any CPU
		{DF51F6FD-8F36-42DF-904F-0B51CBBE73F1}.Debug|Any CPU.Build.0 = Debug|Any CPU
		{DF51F6FD-8F36-42DF-904F-0B51CBBE73F1}.Release|Any CPU.ActiveCfg = Release|Any CPU
		{DF51F6FD-8F36-42DF-904F-0B51CBBE73F1}.Release|Any CPU.Build.0 = Release|Any CPU
	EndGlobalSection
	GlobalSection(SolutionProperties) = preSolution
		HideSolutionNode = FALSE
	EndGlobalSection
	GlobalSection(ExtensibilityGlobals) = postSolution
		SolutionGuid = {81778985-55C6-4259-8ADB-B14F5C6B8A8F}
	EndGlobalSection
EndGlobal
