
Microsoft Visual Studio Solution File, Format Version 12.00
# Visual Studio Version 16
VisualStudioVersion = 16.0.30002.166
MinimumVisualStudioVersion = 10.0.40219.1
Project("{F184B08F-C81C-45F6-A57F-5ABD9991F28F}") = "debug333", "debug333\debug333.vbproj", "{447DCE59-91FC-4696-80DA-6FE1ABFEF6C7}"
EndProject
Global
	GlobalSection(SolutionConfigurationPlatforms) = preSolution
		Debug|Any CPU = Debug|Any CPU
		Release|Any CPU = Release|Any CPU
	EndGlobalSection
	GlobalSection(ProjectConfigurationPlatforms) = postSolution
		{447DCE59-91FC-4696-80DA-6FE1ABFEF6C7}.Debug|Any CPU.ActiveCfg = Debug|Any CPU
		{447DCE59-91FC-4696-80DA-6FE1ABFEF6C7}.Debug|Any CPU.Build.0 = Debug|Any CPU
		{447DCE59-91FC-4696-80DA-6FE1ABFEF6C7}.Release|Any CPU.ActiveCfg = Release|Any CPU
		{447DCE59-91FC-4696-80DA-6FE1ABFEF6C7}.Release|Any CPU.Build.0 = Release|Any CPU
	EndGlobalSection
	GlobalSection(SolutionProperties) = preSolution
		HideSolutionNode = FALSE
	EndGlobalSection
	GlobalSection(ExtensibilityGlobals) = postSolution
		SolutionGuid = {1BB025AB-0970-46FC-8056-A71C05B1FA7C}
	EndGlobalSection
EndGlobal
