
Microsoft Visual Studio Solution File, Format Version 12.00
# Visual Studio Version 16
VisualStudioVersion = 16.0.30002.166
MinimumVisualStudioVersion = 10.0.40219.1
Project("{F184B08F-C81C-45F6-A57F-5ABD9991F28F}") = "error325", "error325\error325.vbproj", "{CA55675D-B3D3-4C45-9558-289FFD579A0B}"
EndProject
Global
	GlobalSection(SolutionConfigurationPlatforms) = preSolution
		Debug|Any CPU = Debug|Any CPU
		Release|Any CPU = Release|Any CPU
	EndGlobalSection
	GlobalSection(ProjectConfigurationPlatforms) = postSolution
		{CA55675D-B3D3-4C45-9558-289FFD579A0B}.Debug|Any CPU.ActiveCfg = Debug|Any CPU
		{CA55675D-B3D3-4C45-9558-289FFD579A0B}.Debug|Any CPU.Build.0 = Debug|Any CPU
		{CA55675D-B3D3-4C45-9558-289FFD579A0B}.Release|Any CPU.ActiveCfg = Release|Any CPU
		{CA55675D-B3D3-4C45-9558-289FFD579A0B}.Release|Any CPU.Build.0 = Release|Any CPU
	EndGlobalSection
	GlobalSection(SolutionProperties) = preSolution
		HideSolutionNode = FALSE
	EndGlobalSection
	GlobalSection(ExtensibilityGlobals) = postSolution
		SolutionGuid = {7196DA6C-5D93-4C0C-9962-D6B539DEFA7E}
	EndGlobalSection
EndGlobal
