
Microsoft Visual Studio Solution File, Format Version 12.00
# Visual Studio Version 16
VisualStudioVersion = 16.0.30002.166
MinimumVisualStudioVersion = 10.0.40219.1
Project("{F184B08F-C81C-45F6-A57F-5ABD9991F28F}") = "wpf410", "wpf410\wpf410.vbproj", "{1C4FAD4D-D3D4-4934-BBB6-B3AA25710A16}"
EndProject
Global
	GlobalSection(SolutionConfigurationPlatforms) = preSolution
		Debug|Any CPU = Debug|Any CPU
		Release|Any CPU = Release|Any CPU
	EndGlobalSection
	GlobalSection(ProjectConfigurationPlatforms) = postSolution
		{1C4FAD4D-D3D4-4934-BBB6-B3AA25710A16}.Debug|Any CPU.ActiveCfg = Debug|Any CPU
		{1C4FAD4D-D3D4-4934-BBB6-B3AA25710A16}.Debug|Any CPU.Build.0 = Debug|Any CPU
		{1C4FAD4D-D3D4-4934-BBB6-B3AA25710A16}.Release|Any CPU.ActiveCfg = Release|Any CPU
		{1C4FAD4D-D3D4-4934-BBB6-B3AA25710A16}.Release|Any CPU.Build.0 = Release|Any CPU
	EndGlobalSection
	GlobalSection(SolutionProperties) = preSolution
		HideSolutionNode = FALSE
	EndGlobalSection
	GlobalSection(ExtensibilityGlobals) = postSolution
		SolutionGuid = {3CBE9D2B-C847-41D7-8C17-9BE8B4EA6182}
	EndGlobalSection
EndGlobal
