
Microsoft Visual Studio Solution File, Format Version 12.00
# Visual Studio Version 16
VisualStudioVersion = 16.0.30002.166
MinimumVisualStudioVersion = 10.0.40219.1
Project("{F184B08F-C81C-45F6-A57F-5ABD9991F28F}") = "debug352", "debug352\debug352.vbproj", "{E94C836A-1B2E-4BB7-B950-7B168509BAC1}"
EndProject
Global
	GlobalSection(SolutionConfigurationPlatforms) = preSolution
		Debug|Any CPU = Debug|Any CPU
		Release|Any CPU = Release|Any CPU
	EndGlobalSection
	GlobalSection(ProjectConfigurationPlatforms) = postSolution
		{E94C836A-1B2E-4BB7-B950-7B168509BAC1}.Debug|Any CPU.ActiveCfg = Debug|Any CPU
		{E94C836A-1B2E-4BB7-B950-7B168509BAC1}.Debug|Any CPU.Build.0 = Debug|Any CPU
		{E94C836A-1B2E-4BB7-B950-7B168509BAC1}.Release|Any CPU.ActiveCfg = Release|Any CPU
		{E94C836A-1B2E-4BB7-B950-7B168509BAC1}.Release|Any CPU.Build.0 = Release|Any CPU
	EndGlobalSection
	GlobalSection(SolutionProperties) = preSolution
		HideSolutionNode = FALSE
	EndGlobalSection
	GlobalSection(ExtensibilityGlobals) = postSolution
		SolutionGuid = {D9D307B0-556D-4F3E-A25E-C43EAC74B6EB}
	EndGlobalSection
EndGlobal
