
Microsoft Visual Studio Solution File, Format Version 12.00
# Visual Studio Version 16
VisualStudioVersion = 16.0.30002.166
MinimumVisualStudioVersion = 10.0.40219.1
Project("{F184B08F-C81C-45F6-A57F-5ABD9991F28F}") = "debug348", "debug348\debug348.vbproj", "{D258F2BD-B1BA-47CB-AA9E-F03032FEB3E1}"
EndProject
Global
	GlobalSection(SolutionConfigurationPlatforms) = preSolution
		Debug|Any CPU = Debug|Any CPU
		Release|Any CPU = Release|Any CPU
	EndGlobalSection
	GlobalSection(ProjectConfigurationPlatforms) = postSolution
		{D258F2BD-B1BA-47CB-AA9E-F03032FEB3E1}.Debug|Any CPU.ActiveCfg = Debug|Any CPU
		{D258F2BD-B1BA-47CB-AA9E-F03032FEB3E1}.Debug|Any CPU.Build.0 = Debug|Any CPU
		{D258F2BD-B1BA-47CB-AA9E-F03032FEB3E1}.Release|Any CPU.ActiveCfg = Release|Any CPU
		{D258F2BD-B1BA-47CB-AA9E-F03032FEB3E1}.Release|Any CPU.Build.0 = Release|Any CPU
	EndGlobalSection
	GlobalSection(SolutionProperties) = preSolution
		HideSolutionNode = FALSE
	EndGlobalSection
	GlobalSection(ExtensibilityGlobals) = postSolution
		SolutionGuid = {1121AC9A-9A05-4C81-958F-A823A707EDCD}
	EndGlobalSection
EndGlobal
