
Microsoft Visual Studio Solution File, Format Version 12.00
# Visual Studio Version 16
VisualStudioVersion = 16.0.29709.97
MinimumVisualStudioVersion = 10.0.40219.1
Project("{F184B08F-C81C-45F6-A57F-5ABD9991F28F}") = "proj032", "proj032\proj032.vbproj", "{9B358C9B-92AD-4F1E-8805-937BAD9DE23D}"
EndProject
Global
	GlobalSection(SolutionConfigurationPlatforms) = preSolution
		Debug|Any CPU = Debug|Any CPU
		Release|Any CPU = Release|Any CPU
	EndGlobalSection
	GlobalSection(ProjectConfigurationPlatforms) = postSolution
		{9B358C9B-92AD-4F1E-8805-937BAD9DE23D}.Debug|Any CPU.ActiveCfg = Release|Any CPU
		{9B358C9B-92AD-4F1E-8805-937BAD9DE23D}.Debug|Any CPU.Build.0 = Release|Any CPU
		{9B358C9B-92AD-4F1E-8805-937BAD9DE23D}.Release|Any CPU.ActiveCfg = Release|Any CPU
		{9B358C9B-92AD-4F1E-8805-937BAD9DE23D}.Release|Any CPU.Build.0 = Release|Any CPU
	EndGlobalSection
	GlobalSection(SolutionProperties) = preSolution
		HideSolutionNode = FALSE
	EndGlobalSection
	GlobalSection(ExtensibilityGlobals) = postSolution
		SolutionGuid = {6E6D7E35-979B-4034-B76E-F0FD782C8250}
	EndGlobalSection
EndGlobal
