
Microsoft Visual Studio Solution File, Format Version 12.00
# Visual Studio Version 16
VisualStudioVersion = 16.0.30002.166
MinimumVisualStudioVersion = 10.0.40219.1
Project("{F184B08F-C81C-45F6-A57F-5ABD9991F28F}") = "pg190", "pg190\pg190.vbproj", "{E750FF4C-07B9-4FE4-B36C-7BC95E391F85}"
EndProject
Global
	GlobalSection(SolutionConfigurationPlatforms) = preSolution
		Debug|Any CPU = Debug|Any CPU
		Release|Any CPU = Release|Any CPU
	EndGlobalSection
	GlobalSection(ProjectConfigurationPlatforms) = postSolution
		{E750FF4C-07B9-4FE4-B36C-7BC95E391F85}.Debug|Any CPU.ActiveCfg = Debug|Any CPU
		{E750FF4C-07B9-4FE4-B36C-7BC95E391F85}.Debug|Any CPU.Build.0 = Debug|Any CPU
		{E750FF4C-07B9-4FE4-B36C-7BC95E391F85}.Release|Any CPU.ActiveCfg = Release|Any CPU
		{E750FF4C-07B9-4FE4-B36C-7BC95E391F85}.Release|Any CPU.Build.0 = Release|Any CPU
	EndGlobalSection
	GlobalSection(SolutionProperties) = preSolution
		HideSolutionNode = FALSE
	EndGlobalSection
	GlobalSection(ExtensibilityGlobals) = postSolution
		SolutionGuid = {BDFA7506-6703-4FB0-9A45-FE567D6919D7}
	EndGlobalSection
EndGlobal
