
Microsoft Visual Studio Solution File, Format Version 12.00
# Visual Studio Version 16
VisualStudioVersion = 16.0.29326.143
MinimumVisualStudioVersion = 10.0.40219.1
Project("{F184B08F-C81C-45F6-A57F-5ABD9991F28F}") = "pg129", "pg129\pg129.vbproj", "{5A444DD6-DA41-4AD8-B0DA-C6FA9AAF1D17}"
EndProject
Global
	GlobalSection(SolutionConfigurationPlatforms) = preSolution
		Debug|Any CPU = Debug|Any CPU
		Release|Any CPU = Release|Any CPU
	EndGlobalSection
	GlobalSection(ProjectConfigurationPlatforms) = postSolution
		{5A444DD6-DA41-4AD8-B0DA-C6FA9AAF1D17}.Debug|Any CPU.ActiveCfg = Debug|Any CPU
		{5A444DD6-DA41-4AD8-B0DA-C6FA9AAF1D17}.Debug|Any CPU.Build.0 = Debug|Any CPU
		{5A444DD6-DA41-4AD8-B0DA-C6FA9AAF1D17}.Release|Any CPU.ActiveCfg = Release|Any CPU
		{5A444DD6-DA41-4AD8-B0DA-C6FA9AAF1D17}.Release|Any CPU.Build.0 = Release|Any CPU
	EndGlobalSection
	GlobalSection(SolutionProperties) = preSolution
		HideSolutionNode = FALSE
	EndGlobalSection
	GlobalSection(ExtensibilityGlobals) = postSolution
		SolutionGuid = {794FB751-C669-425C-BA1E-C53DFB32AE40}
	EndGlobalSection
EndGlobal
