
Microsoft Visual Studio Solution File, Format Version 12.00
# Visual Studio Version 16
VisualStudioVersion = 16.0.30002.166
MinimumVisualStudioVersion = 10.0.40219.1
Project("{F184B08F-C81C-45F6-A57F-5ABD9991F28F}") = "db288", "db288\db288.vbproj", "{BECCE51B-C40E-4FB6-BEB1-F262DB99D548}"
EndProject
Global
	GlobalSection(SolutionConfigurationPlatforms) = preSolution
		Debug|Any CPU = Debug|Any CPU
		Release|Any CPU = Release|Any CPU
	EndGlobalSection
	GlobalSection(ProjectConfigurationPlatforms) = postSolution
		{BECCE51B-C40E-4FB6-BEB1-F262DB99D548}.Debug|Any CPU.ActiveCfg = Debug|Any CPU
		{BECCE51B-C40E-4FB6-BEB1-F262DB99D548}.Debug|Any CPU.Build.0 = Debug|Any CPU
		{BECCE51B-C40E-4FB6-BEB1-F262DB99D548}.Release|Any CPU.ActiveCfg = Release|Any CPU
		{BECCE51B-C40E-4FB6-BEB1-F262DB99D548}.Release|Any CPU.Build.0 = Release|Any CPU
	EndGlobalSection
	GlobalSection(SolutionProperties) = preSolution
		HideSolutionNode = FALSE
	EndGlobalSection
	GlobalSection(ExtensibilityGlobals) = postSolution
		SolutionGuid = {5843D0CC-122F-48CF-A193-5950F959AB3E}
	EndGlobalSection
EndGlobal
