
Microsoft Visual Studio Solution File, Format Version 12.00
# Visual Studio Version 16
VisualStudioVersion = 16.0.30002.166
MinimumVisualStudioVersion = 10.0.40219.1
Project("{F184B08F-C81C-45F6-A57F-5ABD9991F28F}") = "pg189", "pg189\pg189.vbproj", "{DF6B7991-C511-44DA-AE21-980FA51AA7F1}"
EndProject
Global
	GlobalSection(SolutionConfigurationPlatforms) = preSolution
		Debug|Any CPU = Debug|Any CPU
		Release|Any CPU = Release|Any CPU
	EndGlobalSection
	GlobalSection(ProjectConfigurationPlatforms) = postSolution
		{DF6B7991-C511-44DA-AE21-980FA51AA7F1}.Debug|Any CPU.ActiveCfg = Debug|Any CPU
		{DF6B7991-C511-44DA-AE21-980FA51AA7F1}.Debug|Any CPU.Build.0 = Debug|Any CPU
		{DF6B7991-C511-44DA-AE21-980FA51AA7F1}.Release|Any CPU.ActiveCfg = Release|Any CPU
		{DF6B7991-C511-44DA-AE21-980FA51AA7F1}.Release|Any CPU.Build.0 = Release|Any CPU
	EndGlobalSection
	GlobalSection(SolutionProperties) = preSolution
		HideSolutionNode = FALSE
	EndGlobalSection
	GlobalSection(ExtensibilityGlobals) = postSolution
		SolutionGuid = {FA1EE4F2-2BB4-4AA8-9CE6-14A29EE1A55C}
	EndGlobalSection
EndGlobal
