
Microsoft Visual Studio Solution File, Format Version 12.00
# Visual Studio Version 16
VisualStudioVersion = 16.0.30002.166
MinimumVisualStudioVersion = 10.0.40219.1
Project("{F184B08F-C81C-45F6-A57F-5ABD9991F28F}") = "string233", "string233\string233.vbproj", "{2FE6E111-1C4F-42E6-87B9-2EDEF8666A86}"
EndProject
Global
	GlobalSection(SolutionConfigurationPlatforms) = preSolution
		Debug|Any CPU = Debug|Any CPU
		Release|Any CPU = Release|Any CPU
	EndGlobalSection
	GlobalSection(ProjectConfigurationPlatforms) = postSolution
		{2FE6E111-1C4F-42E6-87B9-2EDEF8666A86}.Debug|Any CPU.ActiveCfg = Debug|Any CPU
		{2FE6E111-1C4F-42E6-87B9-2EDEF8666A86}.Debug|Any CPU.Build.0 = Debug|Any CPU
		{2FE6E111-1C4F-42E6-87B9-2EDEF8666A86}.Release|Any CPU.ActiveCfg = Release|Any CPU
		{2FE6E111-1C4F-42E6-87B9-2EDEF8666A86}.Release|Any CPU.Build.0 = Release|Any CPU
	EndGlobalSection
	GlobalSection(SolutionProperties) = preSolution
		HideSolutionNode = FALSE
	EndGlobalSection
	GlobalSection(ExtensibilityGlobals) = postSolution
		SolutionGuid = {D62CD60E-9BA1-48F5-970A-425B9E55716D}
	EndGlobalSection
EndGlobal
