
Microsoft Visual Studio Solution File, Format Version 12.00
# Visual Studio Version 16
VisualStudioVersion = 16.0.30002.166
MinimumVisualStudioVersion = 10.0.40219.1
Project("{F184B08F-C81C-45F6-A57F-5ABD9991F28F}") = "pg196", "pg196\pg196.vbproj", "{2D41D9AE-B9FA-4898-A9C4-71209D5EBFFA}"
EndProject
Global
	GlobalSection(SolutionConfigurationPlatforms) = preSolution
		Debug|Any CPU = Debug|Any CPU
		Release|Any CPU = Release|Any CPU
	EndGlobalSection
	GlobalSection(ProjectConfigurationPlatforms) = postSolution
		{2D41D9AE-B9FA-4898-A9C4-71209D5EBFFA}.Debug|Any CPU.ActiveCfg = Debug|Any CPU
		{2D41D9AE-B9FA-4898-A9C4-71209D5EBFFA}.Debug|Any CPU.Build.0 = Debug|Any CPU
		{2D41D9AE-B9FA-4898-A9C4-71209D5EBFFA}.Release|Any CPU.ActiveCfg = Release|Any CPU
		{2D41D9AE-B9FA-4898-A9C4-71209D5EBFFA}.Release|Any CPU.Build.0 = Release|Any CPU
	EndGlobalSection
	GlobalSection(SolutionProperties) = preSolution
		HideSolutionNode = FALSE
	EndGlobalSection
	GlobalSection(ExtensibilityGlobals) = postSolution
		SolutionGuid = {C61BCFB9-B0C2-413A-9A5F-622615C6E40C}
	EndGlobalSection
EndGlobal
