
Microsoft Visual Studio Solution File, Format Version 12.00
# Visual Studio Version 16
VisualStudioVersion = 16.0.29102.190
MinimumVisualStudioVersion = 10.0.40219.1
Project("{F184B08F-C81C-45F6-A57F-5ABD9991F28F}") = "ui077", "ui077\ui077.vbproj", "{65A619D8-42A0-48C3-B966-8184DEFE9BC3}"
EndProject
Global
	GlobalSection(SolutionConfigurationPlatforms) = preSolution
		Debug|Any CPU = Debug|Any CPU
		Release|Any CPU = Release|Any CPU
	EndGlobalSection
	GlobalSection(ProjectConfigurationPlatforms) = postSolution
		{65A619D8-42A0-48C3-B966-8184DEFE9BC3}.Debug|Any CPU.ActiveCfg = Debug|Any CPU
		{65A619D8-42A0-48C3-B966-8184DEFE9BC3}.Debug|Any CPU.Build.0 = Debug|Any CPU
		{65A619D8-42A0-48C3-B966-8184DEFE9BC3}.Release|Any CPU.ActiveCfg = Release|Any CPU
		{65A619D8-42A0-48C3-B966-8184DEFE9BC3}.Release|Any CPU.Build.0 = Release|Any CPU
	EndGlobalSection
	GlobalSection(SolutionProperties) = preSolution
		HideSolutionNode = FALSE
	EndGlobalSection
	GlobalSection(ExtensibilityGlobals) = postSolution
		SolutionGuid = {9378E6B1-75F1-4A8D-BA5C-27F39F16B75E}
	EndGlobalSection
EndGlobal
