
Microsoft Visual Studio Solution File, Format Version 12.00
# Visual Studio Version 16
VisualStudioVersion = 16.0.30002.166
MinimumVisualStudioVersion = 10.0.40219.1
Project("{F184B08F-C81C-45F6-A57F-5ABD9991F28F}") = "file257", "file257\file257.vbproj", "{EB1A4D12-04E6-4ADB-9984-7EDCF9EE8184}"
EndProject
Global
	GlobalSection(SolutionConfigurationPlatforms) = preSolution
		Debug|Any CPU = Debug|Any CPU
		Release|Any CPU = Release|Any CPU
	EndGlobalSection
	GlobalSection(ProjectConfigurationPlatforms) = postSolution
		{EB1A4D12-04E6-4ADB-9984-7EDCF9EE8184}.Debug|Any CPU.ActiveCfg = Debug|Any CPU
		{EB1A4D12-04E6-4ADB-9984-7EDCF9EE8184}.Debug|Any CPU.Build.0 = Debug|Any CPU
		{EB1A4D12-04E6-4ADB-9984-7EDCF9EE8184}.Release|Any CPU.ActiveCfg = Release|Any CPU
		{EB1A4D12-04E6-4ADB-9984-7EDCF9EE8184}.Release|Any CPU.Build.0 = Release|Any CPU
	EndGlobalSection
	GlobalSection(SolutionProperties) = preSolution
		HideSolutionNode = FALSE
	EndGlobalSection
	GlobalSection(ExtensibilityGlobals) = postSolution
		SolutionGuid = {7BE56334-4AE7-4A7E-820C-D5C29184123A}
	EndGlobalSection
EndGlobal
