
Microsoft Visual Studio Solution File, Format Version 12.00
# Visual Studio Version 16
VisualStudioVersion = 16.0.29326.143
MinimumVisualStudioVersion = 10.0.40219.1
Project("{F184B08F-C81C-45F6-A57F-5ABD9991F28F}") = "pg157", "pg157\pg157.vbproj", "{C189AE9B-37A9-479D-B145-EF52A60080E2}"
EndProject
Global
	GlobalSection(SolutionConfigurationPlatforms) = preSolution
		Debug|Any CPU = Debug|Any CPU
		Release|Any CPU = Release|Any CPU
	EndGlobalSection
	GlobalSection(ProjectConfigurationPlatforms) = postSolution
		{C189AE9B-37A9-479D-B145-EF52A60080E2}.Debug|Any CPU.ActiveCfg = Debug|Any CPU
		{C189AE9B-37A9-479D-B145-EF52A60080E2}.Debug|Any CPU.Build.0 = Debug|Any CPU
		{C189AE9B-37A9-479D-B145-EF52A60080E2}.Release|Any CPU.ActiveCfg = Release|Any CPU
		{C189AE9B-37A9-479D-B145-EF52A60080E2}.Release|Any CPU.Build.0 = Release|Any CPU
	EndGlobalSection
	GlobalSection(SolutionProperties) = preSolution
		HideSolutionNode = FALSE
	EndGlobalSection
	GlobalSection(ExtensibilityGlobals) = postSolution
		SolutionGuid = {59225612-D1F5-42D5-97D5-D55446106EDD}
	EndGlobalSection
EndGlobal
