
Microsoft Visual Studio Solution File, Format Version 12.00
# Visual Studio Version 16
VisualStudioVersion = 16.0.29326.143
MinimumVisualStudioVersion = 10.0.40219.1
Project("{F184B08F-C81C-45F6-A57F-5ABD9991F28F}") = "pg145", "pg145\pg145.vbproj", "{FF77B2FD-01B1-4348-A125-71831B89F6A5}"
EndProject
Global
	GlobalSection(SolutionConfigurationPlatforms) = preSolution
		Debug|Any CPU = Debug|Any CPU
		Release|Any CPU = Release|Any CPU
	EndGlobalSection
	GlobalSection(ProjectConfigurationPlatforms) = postSolution
		{FF77B2FD-01B1-4348-A125-71831B89F6A5}.Debug|Any CPU.ActiveCfg = Debug|Any CPU
		{FF77B2FD-01B1-4348-A125-71831B89F6A5}.Debug|Any CPU.Build.0 = Debug|Any CPU
		{FF77B2FD-01B1-4348-A125-71831B89F6A5}.Release|Any CPU.ActiveCfg = Release|Any CPU
		{FF77B2FD-01B1-4348-A125-71831B89F6A5}.Release|Any CPU.Build.0 = Release|Any CPU
	EndGlobalSection
	GlobalSection(SolutionProperties) = preSolution
		HideSolutionNode = FALSE
	EndGlobalSection
	GlobalSection(ExtensibilityGlobals) = postSolution
		SolutionGuid = {7C411F4E-6CC5-4362-B87C-98D20F2DB056}
	EndGlobalSection
EndGlobal
