
Microsoft Visual Studio Solution File, Format Version 12.00
# Visual Studio Version 16
VisualStudioVersion = 16.0.29326.143
MinimumVisualStudioVersion = 10.0.40219.1
Project("{F184B08F-C81C-45F6-A57F-5ABD9991F28F}") = "pg142", "pg142\pg142.vbproj", "{1CD40742-4023-4BD9-BC7A-6CBDE81C596A}"
EndProject
Global
	GlobalSection(SolutionConfigurationPlatforms) = preSolution
		Debug|Any CPU = Debug|Any CPU
		Release|Any CPU = Release|Any CPU
	EndGlobalSection
	GlobalSection(ProjectConfigurationPlatforms) = postSolution
		{1CD40742-4023-4BD9-BC7A-6CBDE81C596A}.Debug|Any CPU.ActiveCfg = Debug|Any CPU
		{1CD40742-4023-4BD9-BC7A-6CBDE81C596A}.Debug|Any CPU.Build.0 = Debug|Any CPU
		{1CD40742-4023-4BD9-BC7A-6CBDE81C596A}.Release|Any CPU.ActiveCfg = Release|Any CPU
		{1CD40742-4023-4BD9-BC7A-6CBDE81C596A}.Release|Any CPU.Build.0 = Release|Any CPU
	EndGlobalSection
	GlobalSection(SolutionProperties) = preSolution
		HideSolutionNode = FALSE
	EndGlobalSection
	GlobalSection(ExtensibilityGlobals) = postSolution
		SolutionGuid = {D9E7737E-230E-4F58-8D6A-96EF245B4E40}
	EndGlobalSection
EndGlobal
